
Microsoft Visual Studio Solution File, Format Version 12.00
# Visual Studio Version 16
VisualStudioVersion = 16.0.31205.134
MinimumVisualStudioVersion = 10.0.40219.1
Project("{FAE04EC0-301F-11D3-BF4B-00C04F79EFBC}") = "WebApplicationExample1", "WebApplicationExample1\WebApplicationExample1.csproj", "{95CE51FA-2E88-4A6C-A1BD-6D2C56B9704D}"
EndProject
Global
	GlobalSection(SolutionConfigurationPlatforms) = preSolution
		Debug|Any CPU = Debug|Any CPU
		Release|Any CPU = Release|Any CPU
	EndGlobalSection
	GlobalSection(ProjectConfigurationPlatforms) = postSolution
		{95CE51FA-2E88-4A6C-A1BD-6D2C56B9704D}.Debug|Any CPU.ActiveCfg = Debug|Any CPU
		{95CE51FA-2E88-4A6C-A1BD-6D2C56B9704D}.Debug|Any CPU.Build.0 = Debug|Any CPU
		{95CE51FA-2E88-4A6C-A1BD-6D2C56B9704D}.Release|Any CPU.ActiveCfg = Release|Any CPU
		{95CE51FA-2E88-4A6C-A1BD-6D2C56B9704D}.Release|Any CPU.Build.0 = Release|Any CPU
	EndGlobalSection
	GlobalSection(SolutionProperties) = preSolution
		HideSolutionNode = FALSE
	EndGlobalSection
	GlobalSection(ExtensibilityGlobals) = postSolution
		SolutionGuid = {88313694-F0C8-4D4F-8D6F-926F45F7D732}
	EndGlobalSection
EndGlobal
